// !$*UTF8*$!
{
	archiveVersion = 1;
	classes = {
	};
	objectVersion = 48;
	objects = {

/* Begin PBXBuildFile section */
		95AC15B8202C42F200176CC5 /* AppDelegate.m in Sources */ = {isa = PBXBuildFile; fileRef = 95AC15B7202C42F200176CC5 /* AppDelegate.m */; };
		95AC15BB202C42F200176CC5 /* ViewController.m in Sources */ = {isa = PBXBuildFile; fileRef = 95AC15BA202C42F200176CC5 /* ViewController.m */; };
		95AC15BE202C42F200176CC5 /* Main.storyboard in Resources */ = {isa = PBXBuildFile; fileRef = 95AC15BC202C42F200176CC5 /* Main.storyboard */; };
		95AC15C0202C42F200176CC5 /* Assets.xcassets in Resources */ = {isa = PBXBuildFile; fileRef = 95AC15BF202C42F200176CC5 /* Assets.xcassets */; };
		95AC15C3202C42F200176CC5 /* LaunchScreen.storyboard in Resources */ = {isa = PBXBuildFile; fileRef = 95AC15C1202C42F200176CC5 /* LaunchScreen.storyboard */; };
		95AC15C6202C42F200176CC5 /* main.m in Sources */ = {isa = PBXBuildFile; fileRef = 95AC15C5202C42F200176CC5 /* main.m */; };
		95AC15D0202C42F200176CC5 /* GitIgnoreTests.m in Sources */ = {isa = PBXBuildFile; fileRef = 95AC15CF202C42F200176CC5 /* GitIgnoreTests.m */; };
		95AC15DB202C42F200176CC5 /* GitIgnoreUITests.m in Sources */ = {isa = PBXBuildFile; fileRef = 95AC15DA202C42F200176CC5 /* GitIgnoreUITests.m */; };
		95AC15EA202C477400176CC5 /* Person.m in Sources */ = {isa = PBXBuildFile; fileRef = 95AC15E9202C477400176CC5 /* Person.m */; };
		95AC15ED202C4AEE00176CC5 /* Name.m in Sources */ = {isa = PBXBuildFile; fileRef = 95AC15EC202C4AEE00176CC5 /* Name.m */; };
/* End PBXBuildFile section */

/* Begin PBXContainerItemProxy section */
		95AC15CC202C42F200176CC5 /* PBXContainerItemProxy */ = {
			isa = PBXContainerItemProxy;
			containerPortal = 95AC15AB202C42F200176CC5 /* Project object */;
			proxyType = 1;
			remoteGlobalIDString = 95AC15B2202C42F200176CC5;
			remoteInfo = GitIgnore;
		};
		95AC15D7202C42F200176CC5 /* PBXContainerItemProxy */ = {
			isa = PBXContainerItemProxy;
			containerPortal = 95AC15AB202C42F200176CC5 /* Project object */;
			proxyType = 1;
			remoteGlobalIDString = 95AC15B2202C42F200176CC5;
			remoteInfo = GitIgnore;
		};
/* End PBXContainerItemProxy section */

/* Begin PBXFileReference section */
		95AC15B3202C42F200176CC5 /* GitIgnore.app */ = {isa = PBXFileReference; explicitFileType = wrapper.application; includeInIndex = 0; path = GitIgnore.app; sourceTree = BUILT_PRODUCTS_DIR; };
		95AC15B6202C42F200176CC5 /* AppDelegate.h */ = {isa = PBXFileReference; lastKnownFileType = sourcecode.c.h; path = AppDelegate.h; sourceTree = "<group>"; };
		95AC15B7202C42F200176CC5 /* AppDelegate.m */ = {isa = PBXFileReference; lastKnownFileType = sourcecode.c.objc; path = AppDelegate.m; sourceTree = "<group>"; };
		95AC15B9202C42F200176CC5 /* ViewController.h */ = {isa = PBXFileReference; lastKnownFileType = sourcecode.c.h; path = ViewController.h; sourceTree = "<group>"; };
		95AC15BA202C42F200176CC5 /* ViewController.m */ = {isa = PBXFileReference; lastKnownFileType = sourcecode.c.objc; path = ViewController.m; sourceTree = "<group>"; };
		95AC15BD202C42F200176CC5 /* Base */ = {isa = PBXFileReference; lastKnownFileType = file.storyboard; name = Base; path = Base.lproj/Main.storyboard; sourceTree = "<group>"; };
		95AC15BF202C42F200176CC5 /* Assets.xcassets */ = {isa = PBXFileReference; lastKnownFileType = folder.assetcatalog; path = Assets.xcassets; sourceTree = "<group>"; };
		95AC15C2202C42F200176CC5 /* Base */ = {isa = PBXFileReference; lastKnownFileType = file.storyboard; name = Base; path = Base.lproj/LaunchScreen.storyboard; sourceTree = "<group>"; };
		95AC15C4202C42F200176CC5 /* Info.plist */ = {isa = PBXFileReference; lastKnownFileType = text.plist.xml; path = Info.plist; sourceTree = "<group>"; };
		95AC15C5202C42F200176CC5 /* main.m */ = {isa = PBXFileReference; lastKnownFileType = sourcecode.c.objc; path = main.m; sourceTree = "<group>"; };
		95AC15CB202C42F200176CC5 /* GitIgnoreTests.xctest */ = {isa = PBXFileReference; explicitFileType = wrapper.cfbundle; includeInIndex = 0; path = GitIgnoreTests.xctest; sourceTree = BUILT_PRODUCTS_DIR; };
		95AC15CF202C42F200176CC5 /* GitIgnoreTests.m */ = {isa = PBXFileReference; lastKnownFileType = sourcecode.c.objc; path = GitIgnoreTests.m; sourceTree = "<group>"; };
		95AC15D1202C42F200176CC5 /* Info.plist */ = {isa = PBXFileReference; lastKnownFileType = text.plist.xml; path = Info.plist; sourceTree = "<group>"; };
		95AC15D6202C42F200176CC5 /* GitIgnoreUITests.xctest */ = {isa = PBXFileReference; explicitFileType = wrapper.cfbundle; includeInIndex = 0; path = GitIgnoreUITests.xctest; sourceTree = BUILT_PRODUCTS_DIR; };
		95AC15DA202C42F200176CC5 /* GitIgnoreUITests.m */ = {isa = PBXFileReference; lastKnownFileType = sourcecode.c.objc; path = GitIgnoreUITests.m; sourceTree = "<group>"; };
		95AC15DC202C42F200176CC5 /* Info.plist */ = {isa = PBXFileReference; lastKnownFileType = text.plist.xml; path = Info.plist; sourceTree = "<group>"; };
		95AC15E8202C477400176CC5 /* Person.h */ = {isa = PBXFileReference; lastKnownFileType = sourcecode.c.h; path = Person.h; sourceTree = "<group>"; };
		95AC15E9202C477400176CC5 /* Person.m */ = {isa = PBXFileReference; lastKnownFileType = sourcecode.c.objc; path = Person.m; sourceTree = "<group>"; };
		95AC15EB202C4AEE00176CC5 /* Name.h */ = {isa = PBXFileReference; lastKnownFileType = sourcecode.c.h; path = Name.h; sourceTree = "<group>"; };
		95AC15EC202C4AEE00176CC5 /* Name.m */ = {isa = PBXFileReference; lastKnownFileType = sourcecode.c.objc; path = Name.m; sourceTree = "<group>"; };
/* End PBXFileReference section */

/* Begin PBXFrameworksBuildPhase section */
		95AC15B0202C42F200176CC5 /* Frameworks */ = {
			isa = PBXFrameworksBuildPhase;
			buildActionMask = 2147483647;
			files = (
			);
			runOnlyForDeploymentPostprocessing = 0;
		};
		95AC15C8202C42F200176CC5 /* Frameworks */ = {
			isa = PBXFrameworksBuildPhase;
			buildActionMask = 2147483647;
			files = (
			);
			runOnlyForDeploymentPostprocessing = 0;
		};
		95AC15D3202C42F200176CC5 /* Frameworks */ = {
			isa = PBXFrameworksBuildPhase;
			buildActionMask = 2147483647;
			files = (
			);
			runOnlyForDeploymentPostprocessing = 0;
		};
/* End PBXFrameworksBuildPhase section */

/* Begin PBXGroup section */
		95AC15AA202C42F200176CC5 = {
			isa = PBXGroup;
			children = (
				95AC15B5202C42F200176CC5 /* GitIgnore */,
				95AC15CE202C42F200176CC5 /* GitIgnoreTests */,
				95AC15D9202C42F200176CC5 /* GitIgnoreUITests */,
				95AC15B4202C42F200176CC5 /* Products */,
			);
			sourceTree = "<group>";
		};
		95AC15B4202C42F200176CC5 /* Products */ = {
			isa = PBXGroup;
			children = (
				95AC15B3202C42F200176CC5 /* GitIgnore.app */,
				95AC15CB202C42F200176CC5 /* GitIgnoreTests.xctest */,
				95AC15D6202C42F200176CC5 /* GitIgnoreUITests.xctest */,
			);
			name = Products;
			sourceTree = "<group>";
		};
		95AC15B5202C42F200176CC5 /* GitIgnore */ = {
			isa = PBXGroup;
			children = (
				95AC15B6202C42F200176CC5 /* AppDelegate.h */,
				95AC15B7202C42F200176CC5 /* AppDelegate.m */,
				95AC15B9202C42F200176CC5 /* ViewController.h */,
				95AC15BA202C42F200176CC5 /* ViewController.m */,
				95AC15E8202C477400176CC5 /* Person.h */,
				95AC15E9202C477400176CC5 /* Person.m */,
				95AC15EB202C4AEE00176CC5 /* Name.h */,
				95AC15EC202C4AEE00176CC5 /* Name.m */,
				95AC15BC202C42F200176CC5 /* Main.storyboard */,
				95AC15BF202C42F200176CC5 /* Assets.xcassets */,
				95AC15C1202C42F200176CC5 /* LaunchScreen.storyboard */,
				95AC15C4202C42F200176CC5 /* Info.plist */,
				95AC15C5202C42F200176CC5 /* main.m */,
			);
			path = GitIgnore;
			sourceTree = "<group>";
		};
		95AC15CE202C42F200176CC5 /* GitIgnoreTests */ = {
			isa = PBXGroup;
			children = (
				95AC15CF202C42F200176CC5 /* GitIgnoreTests.m */,
				95AC15D1202C42F200176CC5 /* Info.plist */,
			);
			path = GitIgnoreTests;
			sourceTree = "<group>";
		};
		95AC15D9202C42F200176CC5 /* GitIgnoreUITests */ = {
			isa = PBXGroup;
			children = (
				95AC15DA202C42F200176CC5 /* GitIgnoreUITests.m */,
				95AC15DC202C42F200176CC5 /* Info.plist */,
			);
			path = GitIgnoreUITests;
			sourceTree = "<group>";
		};
/* End PBXGroup section */

/* Begin PBXNativeTarget section */
		95AC15B2202C42F200176CC5 /* GitIgnore */ = {
			isa = PBXNativeTarget;
			buildConfigurationList = 95AC15DF202C42F200176CC5 /* Build configuration list for PBXNativeTarget "GitIgnore" */;
			buildPhases = (
				95AC15AF202C42F200176CC5 /* Sources */,
				95AC15B0202C42F200176CC5 /* Frameworks */,
				95AC15B1202C42F200176CC5 /* Resources */,
			);
			buildRules = (
			);
			dependencies = (
			);
			name = GitIgnore;
			productName = GitIgnore;
			productReference = 95AC15B3202C42F200176CC5 /* GitIgnore.app */;
			productType = "com.apple.product-type.application";
		};
		95AC15CA202C42F200176CC5 /* GitIgnoreTests */ = {
			isa = PBXNativeTarget;
			buildConfigurationList = 95AC15E2202C42F200176CC5 /* Build configuration list for PBXNativeTarget "GitIgnoreTests" */;
			buildPhases = (
				95AC15C7202C42F200176CC5 /* Sources */,
				95AC15C8202C42F200176CC5 /* Frameworks */,
				95AC15C9202C42F200176CC5 /* Resources */,
			);
			buildRules = (
			);
			dependencies = (
				95AC15CD202C42F200176CC5 /* PBXTargetDependency */,
			);
			name = GitIgnoreTests;
			productName = GitIgnoreTests;
			productReference = 95AC15CB202C42F200176CC5 /* GitIgnoreTests.xctest */;
			productType = "com.apple.product-type.bundle.unit-test";
		};
		95AC15D5202C42F200176CC5 /* GitIgnoreUITests */ = {
			isa = PBXNativeTarget;
			buildConfigurationList = 95AC15E5202C42F200176CC5 /* Build configuration list for PBXNativeTarget "GitIgnoreUITests" */;
			buildPhases = (
				95AC15D2202C42F200176CC5 /* Sources */,
				95AC15D3202C42F200176CC5 /* Frameworks */,
				95AC15D4202C42F200176CC5 /* Resources */,
			);
			buildRules = (
			);
			dependencies = (
				95AC15D8202C42F200176CC5 /* PBXTargetDependency */,
			);
			name = GitIgnoreUITests;
			productName = GitIgnoreUITests;
			productReference = 95AC15D6202C42F200176CC5 /* GitIgnoreUITests.xctest */;
			productType = "com.apple.product-type.bundle.ui-testing";
		};
/* End PBXNativeTarget section */

/* Begin PBXProject section */
		95AC15AB202C42F200176CC5 /* Project object */ = {
			isa = PBXProject;
			attributes = {
				LastUpgradeCheck = 0920;
				ORGANIZATIONNAME = "冯硕";
				TargetAttributes = {
					95AC15B2202C42F200176CC5 = {
						CreatedOnToolsVersion = 9.2;
						ProvisioningStyle = Automatic;
					};
					95AC15CA202C42F200176CC5 = {
						CreatedOnToolsVersion = 9.2;
						ProvisioningStyle = Automatic;
						TestTargetID = 95AC15B2202C42F200176CC5;
					};
					95AC15D5202C42F200176CC5 = {
						CreatedOnToolsVersion = 9.2;
						ProvisioningStyle = Automatic;
						TestTargetID = 95AC15B2202C42F200176CC5;
					};
				};
			};
			buildConfigurationList = 95AC15AE202C42F200176CC5 /* Build configuration list for PBXProject "GitIgnore" */;
			compatibilityVersion = "Xcode 8.0";
			developmentRegion = en;
			hasScannedForEncodings = 0;
			knownRegions = (
				en,
				Base,
			);
			mainGroup = 95AC15AA202C42F200176CC5;
			productRefGroup = 95AC15B4202C42F200176CC5 /* Products */;
			projectDirPath = "";
			projectRoot = "";
			targets = (
				95AC15B2202C42F200176CC5 /* GitIgnore */,
				95AC15CA202C42F200176CC5 /* GitIgnoreTests */,
				95AC15D5202C42F200176CC5 /* GitIgnoreUITests */,
			);
		};
/* End PBXProject section */

/* Begin PBXResourcesBuildPhase section */
		95AC15B1202C42F200176CC5 /* Resources */ = {
			isa = PBXResourcesBuildPhase;
			buildActionMask = 2147483647;
			files = (
				95AC15C3202C42F200176CC5 /* LaunchScreen.storyboard in Resources */,
				95AC15C0202C42F200176CC5 /* Assets.xcassets in Resources */,
				95AC15BE202C42F200176CC5 /* Main.storyboard in Resources */,
			);
			runOnlyForDeploymentPostprocessing = 0;
		};
		95AC15C9202C42F200176CC5 /* Resources */ = {
			isa = PBXResourcesBuildPhase;
			buildActionMask = 2147483647;
			files = (
			);
			runOnlyForDeploymentPostprocessing = 0;
		};
		95AC15D4202C42F200176CC5 /* Resources */ = {
			isa = PBXResourcesBuildPhase;
			buildActionMask = 2147483647;
			files = (
			);
			runOnlyForDeploymentPostprocessing = 0;
		};
/* End PBXResourcesBuildPhase section */

/* Begin PBXSourcesBuildPhase section */
		95AC15AF202C42F200176CC5 /* Sources */ = {
			isa = PBXSourcesBuildPhase;
			buildActionMask = 2147483647;
			files = (
				95AC15ED202C4AEE00176CC5 /* Name.m in Sources */,
				95AC15BB202C42F200176CC5 /* ViewController.m in Sources */,
				95AC15C6202C42F200176CC5 /* main.m in Sources */,
				95AC15EA202C477400176CC5 /* Person.m in Sources */,
				95AC15B8202C42F200176CC5 /* AppDelegate.m in Sources */,
			);
			runOnlyForDeploymentPostprocessing = 0;
		};
		95AC15C7202C42F200176CC5 /* Sources */ = {
			isa = PBXSourcesBuildPhase;
			buildActionMask = 2147483647;
			files = (
				95AC15D0202C42F200176CC5 /* GitIgnoreTests.m in Sources */,
			);
			runOnlyForDeploymentPostprocessing = 0;
		};
		95AC15D2202C42F200176CC5 /* Sources */ = {
			isa = PBXSourcesBuildPhase;
			buildActionMask = 2147483647;
			files = (
				95AC15DB202C42F200176CC5 /* GitIgnoreUITests.m in Sources */,
			);
			runOnlyForDeploymentPostprocessing = 0;
		};
/* End PBXSourcesBuildPhase section */

/* Begin PBXTargetDependency section */
		95AC15CD202C42F200176CC5 /* PBXTargetDependency */ = {
			isa = PBXTargetDependency;
			target = 95AC15B2202C42F200176CC5 /* GitIgnore */;
			targetProxy = 95AC15CC202C42F200176CC5 /* PBXContainerItemProxy */;
		};
		95AC15D8202C42F200176CC5 /* PBXTargetDependency */ = {
			isa = PBXTargetDependency;
			target = 95AC15B2202C42F200176CC5 /* GitIgnore */;
			targetProxy = 95AC15D7202C42F200176CC5 /* PBXContainerItemProxy */;
		};
/* End PBXTargetDependency section */

/* Begin PBXVariantGroup section */
		95AC15BC202C42F200176CC5 /* Main.storyboard */ = {
			isa = PBXVariantGroup;
			children = (
				95AC15BD202C42F200176CC5 /* Base */,
			);
			name = Main.storyboard;
			sourceTree = "<group>";
		};
		95AC15C1202C42F200176CC5 /* LaunchScreen.storyboard */ = {
			isa = PBXVariantGroup;
			children = (
				95AC15C2202C42F200176CC5 /* Base */,
			);
			name = LaunchScreen.storyboard;
			sourceTree = "<group>";
		};
/* End PBXVariantGroup section */

/* Begin XCBuildConfiguration section */
		95AC15DD202C42F200176CC5 /* Debug */ = {
			isa = XCBuildConfiguration;
			buildSettings = {
				ALWAYS_SEARCH_USER_PATHS = NO;
				CLANG_ANALYZER_NONNULL = YES;
				CLANG_ANALYZER_NUMBER_OBJECT_CONVERSION = YES_AGGRESSIVE;
				CLANG_CXX_LANGUAGE_STANDARD = "gnu++14";
				CLANG_CXX_LIBRARY = "libc++";
				CLANG_ENABLE_MODULES = YES;
				CLANG_ENABLE_OBJC_ARC = YES;
				CLANG_WARN_BLOCK_CAPTURE_AUTORELEASING = YES;
				CLANG_WARN_BOOL_CONVERSION = YES;
				CLANG_WARN_COMMA = YES;
				CLANG_WARN_CONSTANT_CONVERSION = YES;
				CLANG_WARN_DIRECT_OBJC_ISA_USAGE = YES_ERROR;
				CLANG_WARN_DOCUMENTATION_COMMENTS = YES;
				CLANG_WARN_EMPTY_BODY = YES;
				CLANG_WARN_ENUM_CONVERSION = YES;
				CLANG_WARN_INFINITE_RECURSION = YES;
				CLANG_WARN_INT_CONVERSION = YES;
				CLANG_WARN_NON_LITERAL_NULL_CONVERSION = YES;
				CLANG_WARN_OBJC_LITERAL_CONVERSION = YES;
				CLANG_WARN_OBJC_ROOT_CLASS = YES_ERROR;
				CLANG_WARN_RANGE_LOOP_ANALYSIS = YES;
				CLANG_WARN_STRICT_PROTOTYPES = YES;
				CLANG_WARN_SUSPICIOUS_MOVE = YES;
				CLANG_WARN_UNGUARDED_AVAILABILITY = YES_AGGRESSIVE;
				CLANG_WARN_UNREACHABLE_CODE = YES;
				CLANG_WARN__DUPLICATE_METHOD_MATCH = YES;
				CODE_SIGN_IDENTITY = "iPhone Developer";
				COPY_PHASE_STRIP = NO;
				DEBUG_INFORMATION_FORMAT = dwarf;
				ENABLE_STRICT_OBJC_MSGSEND = YES;
				ENABLE_TESTABILITY = YES;
				GCC_C_LANGUAGE_STANDARD = gnu11;
				GCC_DYNAMIC_NO_PIC = NO;
				GCC_NO_COMMON_BLOCKS = YES;
				GCC_OPTIMIZATION_LEVEL = 0;
				GCC_PREPROCESSOR_DEFINITIONS = (
					"DEBUG=1",
					"$(inherited)",
				);
				GCC_WARN_64_TO_32_BIT_CONVERSION = YES;
				GCC_WARN_ABOUT_RETURN_TYPE = YES_ERROR;
				GCC_WARN_UNDECLARED_SELECTOR = YES;
				GCC_WARN_UNINITIALIZED_AUTOS = YES_AGGRESSIVE;
				GCC_WARN_UNUSED_FUNCTION = YES;
				GCC_WARN_UNUSED_VARIABLE = YES;
				IPHONEOS_DEPLOYMENT_TARGET = 11.2;
				MTL_ENABLE_DEBUG_INFO = YES;
				ONLY_ACTIVE_ARCH = YES;
				SDKROOT = iphoneos;
			};
			name = Debug;
		};
		95AC15DE202C42F200176CC5 /* Release */ = {
			isa = XCBuildConfiguration;
			buildSettings = {
				ALWAYS_SEARCH_USER_PATHS = NO;
				CLANG_ANALYZER_NONNULL = YES;
				CLANG_ANALYZER_NUMBER_OBJECT_CONVERSION = YES_AGGRESSIVE;
				CLANG_CXX_LANGUAGE_STANDARD = "gnu++14";
				CLANG_CXX_LIBRARY = "libc++";
				CLANG_ENABLE_MODULES = YES;
				CLANG_ENABLE_OBJC_ARC = YES;
				CLANG_WARN_BLOCK_CAPTURE_AUTORELEASING = YES;
				CLANG_WARN_BOOL_CONVERSION = YES;
				CLANG_WARN_COMMA = YES;
				CLANG_WARN_CONSTANT_CONVERSION = YES;
				CLANG_WARN_DIRECT_OBJC_ISA_USAGE = YES_ERROR;
				CLANG_WARN_DOCUMENTATION_COMMENTS = YES;
				CLANG_WARN_EMPTY_BODY = YES;
				CLANG_WARN_ENUM_CONVERSION = YES;
				CLANG_WARN_INFINITE_RECURSION = YES;
				CLANG_WARN_INT_CONVERSION = YES;
				CLANG_WARN_NON_LITERAL_NULL_CONVERSION = YES;
				CLANG_WARN_OBJC_LITERAL_CONVERSION = YES;
				CLANG_WARN_OBJC_ROOT_CLASS = YES_ERROR;
				CLANG_WARN_RANGE_LOOP_ANALYSIS = YES;
				CLANG_WARN_STRICT_PROTOTYPES = YES;
				CLANG_WARN_SUSPICIOUS_MOVE = YES;
				CLANG_WARN_UNGUARDED_AVAILABILITY = YES_AGGRESSIVE;
				CLANG_WARN_UNREACHABLE_CODE = YES;
				CLANG_WARN__DUPLICATE_METHOD_MATCH = YES;
				CODE_SIGN_IDENTITY = "iPhone Developer";
				COPY_PHASE_STRIP = NO;
				DEBUG_INFORMATION_FORMAT = "dwarf-with-dsym";
				ENABLE_NS_ASSERTIONS = NO;
				ENABLE_STRICT_OBJC_MSGSEND = YES;
				GCC_C_LANGUAGE_STANDARD = gnu11;
				GCC_NO_COMMON_BLOCKS = YES;
				GCC_WARN_64_TO_32_BIT_CONVERSION = YES;
				GCC_WARN_ABOUT_RETURN_TYPE = YES_ERROR;
				GCC_WARN_UNDECLARED_SELECTOR = YES;
				GCC_WARN_UNINITIALIZED_AUTOS = YES_AGGRESSIVE;
				GCC_WARN_UNUSED_FUNCTION = YES;
				GCC_WARN_UNUSED_VARIABLE = YES;
				IPHONEOS_DEPLOYMENT_TARGET = 11.2;
				MTL_ENABLE_DEBUG_INFO = NO;
				SDKROOT = iphoneos;
				VALIDATE_PRODUCT = YES;
			};
			name = Release;
		};
		95AC15E0202C42F200176CC5 /* Debug */ = {
			isa = XCBuildConfiguration;
			buildSettings = {
				ASSETCATALOG_COMPILER_APPICON_NAME = AppIcon;
				CODE_SIGN_STYLE = Automatic;
				INFOPLIST_FILE = GitIgnore/Info.plist;
				LD_RUNPATH_SEARCH_PATHS = "$(inherited) @executable_path/Frameworks";
				PRODUCT_BUNDLE_IDENTIFIER = Guide.GitIgnore;
				PRODUCT_NAME = "$(TARGET_NAME)";
				TARGETED_DEVICE_FAMILY = "1,2";
			};
			name = Debug;
		};
		95AC15E1202C42F200176CC5 /* Release */ = {
			isa = XCBuildConfiguration;
			buildSettings = {
				ASSETCATALOG_COMPILER_APPICON_NAME = AppIcon;
				CODE_SIGN_STYLE = Automatic;
				INFOPLIST_FILE = GitIgnore/Info.plist;
				LD_RUNPATH_SEARCH_PATHS = "$(inherited) @executable_path/Frameworks";
				PRODUCT_BUNDLE_IDENTIFIER = Guide.GitIgnore;
				PRODUCT_NAME = "$(TARGET_NAME)";
				TARGETED_DEVICE_FAMILY = "1,2";
			};
			name = Release;
		};
		95AC15E3202C42F200176CC5 /* Debug */ = {
			isa = XCBuildConfiguration;
			buildSettings = {
				BUNDLE_LOADER = "$(TEST_HOST)";
				CODE_SIGN_STYLE = Automatic;
				INFOPLIST_FILE = GitIgnoreTests/Info.plist;
				LD_RUNPATH_SEARCH_PATHS = "$(inherited) @executable_path/Frameworks @loader_path/Frameworks";
				PRODUCT_BUNDLE_IDENTIFIER = Guide.GitIgnoreTests;
				PRODUCT_NAME = "$(TARGET_NAME)";
				TARGETED_DEVICE_FAMILY = "1,2";
				TEST_HOST = "$(BUILT_PRODUCTS_DIR)/GitIgnore.app/GitIgnore";
			};
			name = Debug;
		};
		95AC15E4202C42F200176CC5 /* Release */ = {
			isa = XCBuildConfiguration;
			buildSettings = {
				BUNDLE_LOADER = "$(TEST_HOST)";
				CODE_SIGN_STYLE = Automatic;
				INFOPLIST_FILE = GitIgnoreTests/Info.plist;
				LD_RUNPATH_SEARCH_PATHS = "$(inherited) @executable_path/Frameworks @loader_path/Frameworks";
				PRODUCT_BUNDLE_IDENTIFIER = Guide.GitIgnoreTests;
				PRODUCT_NAME = "$(TARGET_NAME)";
				TARGETED_DEVICE_FAMILY = "1,2";
				TEST_HOST = "$(BUILT_PRODUCTS_DIR)/GitIgnore.app/GitIgnore";
			};
			name = Release;
		};
		95AC15E6202C42F200176CC5 /* Debug */ = {
			isa = XCBuildConfiguration;
			buildSettings = {
				CODE_SIGN_STYLE = Automatic;
				INFOPLIST_FILE = GitIgnoreUITests/Info.plist;
				LD_RUNPATH_SEARCH_PATHS = "$(inherited) @executable_path/Frameworks @loader_path/Frameworks";
				PRODUCT_BUNDLE_IDENTIFIER = Guide.GitIgnoreUITests;
				PRODUCT_NAME = "$(TARGET_NAME)";
				TARGETED_DEVICE_FAMILY = "1,2";
				TEST_TARGET_NAME = GitIgnore;
			};
			name = Debug;
		};
		95AC15E7202C42F200176CC5 /* Release */ = {
			isa = XCBuildConfiguration;
			buildSettings = {
				CODE_SIGN_STYLE = Automatic;
				INFOPLIST_FILE = GitIgnoreUITests/Info.plist;
				LD_RUNPATH_SEARCH_PATHS = "$(inherited) @executable_path/Frameworks @loader_path/Frameworks";
				PRODUCT_BUNDLE_IDENTIFIER = Guide.GitIgnoreUITests;
				PRODUCT_NAME = "$(TARGET_NAME)";
				TARGETED_DEVICE_FAMILY = "1,2";
				TEST_TARGET_NAME = GitIgnore;
			};
			name = Release;
		};
/* End XCBuildConfiguration section */

/* Begin XCConfigurationList section */
		95AC15AE202C42F200176CC5 /* Build configuration list for PBXProject "GitIgnore" */ = {
			isa = XCConfigurationList;
			buildConfigurations = (
				95AC15DD202C42F200176CC5 /* Debug */,
				95AC15DE202C42F200176CC5 /* Release */,
			);
			defaultConfigurationIsVisible = 0;
			defaultConfigurationName = Release;
		};
		95AC15DF202C42F200176CC5 /* Build configuration list for PBXNativeTarget "GitIgnore" */ = {
			isa = XCConfigurationList;
			buildConfigurations = (
				95AC15E0202C42F200176CC5 /* Debug */,
				95AC15E1202C42F200176CC5 /* Release */,
			);
			defaultConfigurationIsVisible = 0;
			defaultConfigurationName = Release;
		};
		95AC15E2202C42F200176CC5 /* Build configuration list for PBXNativeTarget "GitIgnoreTests" */ = {
			isa = XCConfigurationList;
			buildConfigurations = (
				95AC15E3202C42F200176CC5 /* Debug */,
				95AC15E4202C42F200176CC5 /* Release */,
			);
			defaultConfigurationIsVisible = 0;
			defaultConfigurationName = Release;
		};
		95AC15E5202C42F200176CC5 /* Build configuration list for PBXNativeTarget "GitIgnoreUITests" */ = {
			isa = XCConfigurationList;
			buildConfigurations = (
				95AC15E6202C42F200176CC5 /* Debug */,
				95AC15E7202C42F200176CC5 /* Release */,
			);
			defaultConfigurationIsVisible = 0;
			defaultConfigurationName = Release;
		};
/* End XCConfigurationList section */
	};
	rootObject = 95AC15AB202C42F200176CC5 /* Project object */;
}
